
Microsoft Visual Studio Solution File, Format Version 12.00
# Visual Studio Version 16
VisualStudioVersion = 16.0.30413.136
MinimumVisualStudioVersion = 10.0.40219.1
Project("{FAE04EC0-301F-11D3-BF4B-00C04F79EFBC}") = "KararYapilari", "KararYapilari\KararYapilari.csproj", "{FCD44B73-C067-4551-BFB4-1C34B838DA7C}"
EndProject
Global
	GlobalSection(SolutionConfigurationPlatforms) = preSolution
		Debug|Any CPU = Debug|Any CPU
		Release|Any CPU = Release|Any CPU
	EndGlobalSection
	GlobalSection(ProjectConfigurationPlatforms) = postSolution
		{FCD44B73-C067-4551-BFB4-1C34B838DA7C}.Debug|Any CPU.ActiveCfg = Debug|Any CPU
		{FCD44B73-C067-4551-BFB4-1C34B838DA7C}.Debug|Any CPU.Build.0 = Debug|Any CPU
		{FCD44B73-C067-4551-BFB4-1C34B838DA7C}.Release|Any CPU.ActiveCfg = Release|Any CPU
		{FCD44B73-C067-4551-BFB4-1C34B838DA7C}.Release|Any CPU.Build.0 = Release|Any CPU
	EndGlobalSection
	GlobalSection(SolutionProperties) = preSolution
		HideSolutionNode = FALSE
	EndGlobalSection
	GlobalSection(ExtensibilityGlobals) = postSolution
		SolutionGuid = {25CEED88-55A7-4BAB-A858-871EA18E0F5E}
	EndGlobalSection
EndGlobal
